
Microsoft Visual Studio Solution File, Format Version 12.00
# Visual Studio Version 17
VisualStudioVersion = 17.4.33205.214
MinimumVisualStudioVersion = 10.0.40219.1
Project("{FAE04EC0-301F-11D3-BF4B-00C04F79EFBC}") = "06012023homework", "06012023homework\06012023homework.csproj", "{91246908-F1F0-46AA-9E49-4E96861B733C}"
EndProject
Global
	GlobalSection(SolutionConfigurationPlatforms) = preSolution
		Debug|Any CPU = Debug|Any CPU
		Release|Any CPU = Release|Any CPU
	EndGlobalSection
	GlobalSection(ProjectConfigurationPlatforms) = postSolution
		{91246908-F1F0-46AA-9E49-4E96861B733C}.Debug|Any CPU.ActiveCfg = Debug|Any CPU
		{91246908-F1F0-46AA-9E49-4E96861B733C}.Debug|Any CPU.Build.0 = Debug|Any CPU
		{91246908-F1F0-46AA-9E49-4E96861B733C}.Release|Any CPU.ActiveCfg = Release|Any CPU
		{91246908-F1F0-46AA-9E49-4E96861B733C}.Release|Any CPU.Build.0 = Release|Any CPU
	EndGlobalSection
	GlobalSection(SolutionProperties) = preSolution
		HideSolutionNode = FALSE
	EndGlobalSection
	GlobalSection(ExtensibilityGlobals) = postSolution
		SolutionGuid = {796A0C15-FE46-43B1-A7F6-F9039FCAAECF}
	EndGlobalSection
EndGlobal
